
Microsoft Visual Studio Solution File, Format Version 12.00
# Visual Studio Version 17
VisualStudioVersion = 17.14.36408.4
MinimumVisualStudioVersion = 10.0.40219.1
Project("{FAE04EC0-301F-11D3-BF4B-00C04F79EFBC}") = "SistemaEscolarBD", "SistemaEscolarBD.csproj", "{FBD15E63-6692-4677-8C31-206FBD5B94BC}"
EndProject
Project("{2150E333-8FDC-42A3-9474-1A3956D46DE8}") = "Solution Items", "Solution Items", "{8EC462FD-D22E-90A8-E5CE-7E832BA40C5D}"
	ProjectSection(SolutionItems) = preProject
		ConexionesBD.cs = ConexionesBD.cs
		SqlUtilidades.cs = SqlUtilidades.cs
	EndProjectSection
EndProject
Global
	GlobalSection(SolutionConfigurationPlatforms) = preSolution
		Debug|Any CPU = Debug|Any CPU
		Release|Any CPU = Release|Any CPU
	EndGlobalSection
	GlobalSection(ProjectConfigurationPlatforms) = postSolution
		{FBD15E63-6692-4677-8C31-206FBD5B94BC}.Debug|Any CPU.ActiveCfg = Debug|Any CPU
		{FBD15E63-6692-4677-8C31-206FBD5B94BC}.Debug|Any CPU.Build.0 = Debug|Any CPU
		{FBD15E63-6692-4677-8C31-206FBD5B94BC}.Release|Any CPU.ActiveCfg = Release|Any CPU
		{FBD15E63-6692-4677-8C31-206FBD5B94BC}.Release|Any CPU.Build.0 = Release|Any CPU
	EndGlobalSection
	GlobalSection(SolutionProperties) = preSolution
		HideSolutionNode = FALSE
	EndGlobalSection
	GlobalSection(ExtensibilityGlobals) = postSolution
		SolutionGuid = {38BEFA11-E3F5-4AA1-BDA6-A457CB7E1440}
	EndGlobalSection
EndGlobal
